PODS:
  - Bolts (1.8.4):
    - Bolts/AppLinks (= 1.8.4)
    - Bolts/Tasks (= 1.8.4)
  - Bolts/AppLinks (1.8.4):
    - Bolts/Tasks
  - Bolts/Tasks (1.8.4)
  - DrawerController (3.0.0):
    - DrawerController/Core (= 3.0.0)
    - DrawerController/DrawerVisualStates (= 3.0.0)
  - DrawerController/Core (3.0.0)
  - DrawerController/DrawerVisualStates (3.0.0):
    - DrawerController/Core
  - FBSDKCoreKit (4.17.0):
    - Bolts (~> 1.7)
  - FBSDKLoginKit (4.17.0):
    - FBSDKCoreKit
  - Parse (1.14.2):
    - Bolts/Tasks (~> 1.8)

DEPENDENCIES:
  - DrawerController
  - FBSDKCoreKit
  - FBSDKLoginKit
  - Parse

SPEC CHECKSUMS:
  Bolts: 8a7995239dbe724f9cba2248b766d48b7ebdd322
  DrawerController: 5e859c5dbeae3cea20981eb5ff2aa16eb946dff9
  FBSDKCoreKit: 30a21d2d7b92984b3d80497113433c00824c35e9
  FBSDKLoginKit: 42b7129ac0373ca99eaf4cbebf4d07bd42371f59
  Parse: 4335d65f40cb3d43190d723144bbe1afb9c38230

PODFILE CHECKSUM: 9d1f82a2f525468a665f1abe6dd122b98708995c

COCOAPODS: 1.1.1
